// !$*UTF8*$!
{
	archiveVersion = 1;
	classes = {
	};
	objectVersion = 48;
	objects = {

/* Begin PBXBuildFile section */
		24070B95205F9DC200462C26 /* AppDelegate.swift in Sources */ = {isa = PBXBuildFile; fileRef = 24070B94205F9DC200462C26 /* AppDelegate.swift */; };
		24070B97205F9DC200462C26 /* art.scnassets in Resources */ = {isa = PBXBuildFile; fileRef = 24070B96205F9DC200462C26 /* art.scnassets */; };
		24070B99205F9DC200462C26 /* ViewController.swift in Sources */ = {isa = PBXBuildFile; fileRef = 24070B98205F9DC200462C26 /* ViewController.swift */; };
		24070B9C205F9DC200462C26 /* Main.storyboard in Resources */ = {isa = PBXBuildFile; fileRef = 24070B9A205F9DC200462C26 /* Main.storyboard */; };
		24070B9E205F9DC200462C26 /* Assets.xcassets in Resources */ = {isa = PBXBuildFile; fileRef = 24070B9D205F9DC200462C26 /* Assets.xcassets */; };
		24070BA1205F9DC200462C26 /* LaunchScreen.storyboard in Resources */ = {isa = PBXBuildFile; fileRef = 24070B9F205F9DC200462C26 /* LaunchScreen.storyboard */; };
		24070BA9205F9E6000462C26 /* FrontSightView.swift in Sources */ = {isa = PBXBuildFile; fileRef = 24070BA8205F9E6000462C26 /* FrontSightView.swift */; };
		24070BAB205FA6BE00462C26 /* SCNVector3Extension.swift in Sources */ = {isa = PBXBuildFile; fileRef = 24070BAA205FA6BE00462C26 /* SCNVector3Extension.swift */; };
		24070BAD205FA6E500462C26 /* FloatExtension.swift in Sources */ = {isa = PBXBuildFile; fileRef = 24070BAC205FA6E400462C26 /* FloatExtension.swift */; };
		24070BB1205FACAB00462C26 /* TargetNode.swift in Sources */ = {isa = PBXBuildFile; fileRef = 24070BB0205FACAB00462C26 /* TargetNode.swift */; };
		24070BB5205FD30300462C26 /* UIColorExtension.swift in Sources */ = {isa = PBXBuildFile; fileRef = 24070BB4205FD30300462C26 /* UIColorExtension.swift */; };
		2452D9F3206C85F300E6594E /* AddScoreNode.swift in Sources */ = {isa = PBXBuildFile; fileRef = 2452D9F1206C85F300E6594E /* AddScoreNode.swift */; };
		2452D9F4206C85F300E6594E /* ExplosionNode.swift in Sources */ = {isa = PBXBuildFile; fileRef = 2452D9F2206C85F300E6594E /* ExplosionNode.swift */; };
		2452D9F6206C868B00E6594E /* UIViewControllerExtension.swift in Sources */ = {isa = PBXBuildFile; fileRef = 2452D9F5206C868B00E6594E /* UIViewControllerExtension.swift */; };
		2452D9FB206C86C400E6594E /* appear.wav in Resources */ = {isa = PBXBuildFile; fileRef = 2452D9F7206C86C400E6594E /* appear.wav */; };
		2452D9FC206C86C400E6594E /* shoot.wav in Resources */ = {isa = PBXBuildFile; fileRef = 2452D9F8206C86C400E6594E /* shoot.wav */; };
		2452D9FD206C86C400E6594E /* hit.wav in Resources */ = {isa = PBXBuildFile; fileRef = 2452D9F9206C86C400E6594E /* hit.wav */; };
		2452D9FE206C86C400E6594E /* success.wav in Resources */ = {isa = PBXBuildFile; fileRef = 2452D9FA206C86C400E6594E /* success.wav */; };
		2452DA01206C8C0100E6594E /* ScoreNode.swift in Sources */ = {isa = PBXBuildFile; fileRef = 2452DA00206C8C0100E6594E /* ScoreNode.swift */; };
		24584BB020635A4E0017E518 /* Utilities.swift in Sources */ = {isa = PBXBuildFile; fileRef = 24584BAF20635A4E0017E518 /* Utilities.swift */; };
		248B3AB32063F3A000B570B2 /* SoundHelper.swift in Sources */ = {isa = PBXBuildFile; fileRef = 248B3AB22063F3A000B570B2 /* SoundHelper.swift */; };
		248B3AB52063F44300B570B2 /* SCNNodeExtension.swift in Sources */ = {isa = PBXBuildFile; fileRef = 248B3AB42063F44300B570B2 /* SCNNodeExtension.swift */; };
		24D7FD6C206D14FE0083133F /* SCNGeometryExtension.swift in Sources */ = {isa = PBXBuildFile; fileRef = 24D7FD6B206D14FE0083133F /* SCNGeometryExtension.swift */; };
/* End PBXBuildFile section */

/* Begin PBXFileReference section */
		24070B91205F9DC200462C26 /* ARTargeting.app */ = {isa = PBXFileReference; explicitFileType = wrapper.application; includeInIndex = 0; path = ARTargeting.app; sourceTree = BUILT_PRODUCTS_DIR; };
		24070B94205F9DC200462C26 /* AppDelegate.swift */ = {isa = PBXFileReference; lastKnownFileType = sourcecode.swift; path = AppDelegate.swift; sourceTree = "<group>"; };
		24070B96205F9DC200462C26 /* art.scnassets */ = {isa = PBXFileReference; lastKnownFileType = wrapper.scnassets; path = art.scnassets; sourceTree = "<group>"; };
		24070B98205F9DC200462C26 /* ViewController.swift */ = {isa = PBXFileReference; lastKnownFileType = sourcecode.swift; path = ViewController.swift; sourceTree = "<group>"; };
		24070B9B205F9DC200462C26 /* Base */ = {isa = PBXFileReference; lastKnownFileType = file.storyboard; name = Base; path = Base.lproj/Main.storyboard; sourceTree = "<group>"; };
		24070B9D205F9DC200462C26 /* Assets.xcassets */ = {isa = PBXFileReference; lastKnownFileType = folder.assetcatalog; path = Assets.xcassets; sourceTree = "<group>"; };
		24070BA0205F9DC200462C26 /* Base */ = {isa = PBXFileReference; lastKnownFileType = file.storyboard; name = Base; path = Base.lproj/LaunchScreen.storyboard; sourceTree = "<group>"; };
		24070BA2205F9DC200462C26 /* Info.plist */ = {isa = PBXFileReference; lastKnownFileType = text.plist.xml; path = Info.plist; sourceTree = "<group>"; };
		24070BA8205F9E6000462C26 /* FrontSightView.swift */ = {isa = PBXFileReference; lastKnownFileType = sourcecode.swift; path = FrontSightView.swift; sourceTree = "<group>"; };
		24070BAA205FA6BE00462C26 /* SCNVector3Extension.swift */ = {isa = PBXFileReference; fileEncoding = 4; lastKnownFileType = sourcecode.swift; path = SCNVector3Extension.swift; sourceTree = "<group>"; };
		24070BAC205FA6E400462C26 /* FloatExtension.swift */ = {isa = PBXFileReference; fileEncoding = 4; lastKnownFileType = sourcecode.swift; path = FloatExtension.swift; sourceTree = "<group>"; };
		24070BB0205FACAB00462C26 /* TargetNode.swift */ = {isa = PBXFileReference; lastKnownFileType = sourcecode.swift; path = TargetNode.swift; sourceTree = "<group>"; };
		24070BB4205FD30300462C26 /* UIColorExtension.swift */ = {isa = PBXFileReference; lastKnownFileType = sourcecode.swift; path = UIColorExtension.swift; sourceTree = "<group>"; };
		2452D9F1206C85F300E6594E /* AddScoreNode.swift */ = {isa = PBXFileReference; fileEncoding = 4; lastKnownFileType = sourcecode.swift; path = AddScoreNode.swift; sourceTree = "<group>"; };
		2452D9F2206C85F300E6594E /* ExplosionNode.swift */ = {isa = PBXFileReference; fileEncoding = 4; lastKnownFileType = sourcecode.swift; path = ExplosionNode.swift; sourceTree = "<group>"; };
		2452D9F5206C868B00E6594E /* UIViewControllerExtension.swift */ = {isa = PBXFileReference; fileEncoding = 4; lastKnownFileType = sourcecode.swift; path = UIViewControllerExtension.swift; sourceTree = "<group>"; };
		2452D9F7206C86C400E6594E /* appear.wav */ = {isa = PBXFileReference; lastKnownFileType = audio.wav; path = appear.wav; sourceTree = "<group>"; };
		2452D9F8206C86C400E6594E /* shoot.wav */ = {isa = PBXFileReference; lastKnownFileType = audio.wav; path = shoot.wav; sourceTree = "<group>"; };
		2452D9F9206C86C400E6594E /* hit.wav */ = {isa = PBXFileReference; lastKnownFileType = audio.wav; path = hit.wav; sourceTree = "<group>"; };
		2452D9FA206C86C400E6594E /* success.wav */ = {isa = PBXFileReference; lastKnownFileType = audio.wav; path = success.wav; sourceTree = "<group>"; };
		2452DA00206C8C0100E6594E /* ScoreNode.swift */ = {isa = PBXFileReference; lastKnownFileType = sourcecode.swift; path = ScoreNode.swift; sourceTree = "<group>"; };
		24584BAF20635A4E0017E518 /* Utilities.swift */ = {isa = PBXFileReference; lastKnownFileType = sourcecode.swift; path = Utilities.swift; sourceTree = "<group>"; };
		248B3AB22063F3A000B570B2 /* SoundHelper.swift */ = {isa = PBXFileReference; lastKnownFileType = sourcecode.swift; path = SoundHelper.swift; sourceTree = "<group>"; };
		248B3AB42063F44300B570B2 /* SCNNodeExtension.swift */ = {isa = PBXFileReference; lastKnownFileType = sourcecode.swift; path = SCNNodeExtension.swift; sourceTree = "<group>"; };
		24D7FD6B206D14FE0083133F /* SCNGeometryExtension.swift */ = {isa = PBXFileReference; lastKnownFileType = sourcecode.swift; path = SCNGeometryExtension.swift; sourceTree = "<group>"; };
/* End PBXFileReference section */

/* Begin PBXFrameworksBuildPhase section */
		24070B8E205F9DC200462C26 /* Frameworks */ = {
			isa = PBXFrameworksBuildPhase;
			buildActionMask = 2147483647;
			files = (
			);
			runOnlyForDeploymentPostprocessing = 0;
		};
/* End PBXFrameworksBuildPhase section */

/* Begin PBXGroup section */
		24070B88205F9DC200462C26 = {
			isa = PBXGroup;
			children = (
				24070B93205F9DC200462C26 /* ARTargeting */,
			);
			sourceTree = "<group>";
		};
		24070B92205F9DC200462C26 /* Products */ = {
			isa = PBXGroup;
			children = (
				24070B91205F9DC200462C26 /* ARTargeting.app */,
			);
			name = Products;
			path = ..;
			sourceTree = "<group>";
		};
		24070B93205F9DC200462C26 /* ARTargeting */ = {
			isa = PBXGroup;
			children = (
				24070B96205F9DC200462C26 /* art.scnassets */,
				24070B94205F9DC200462C26 /* AppDelegate.swift */,
				24070B98205F9DC200462C26 /* ViewController.swift */,
				24070BA8205F9E6000462C26 /* FrontSightView.swift */,
				248B3AB22063F3A000B570B2 /* SoundHelper.swift */,
				24584BAF20635A4E0017E518 /* Utilities.swift */,
				245C4DFC2062B41500865440 /* Node */,
				24ED94E7206245BE00E716F8 /* Extensions */,
				24070B92205F9DC200462C26 /* Products */,
				2452D9FF206C89A900E6594E /* SoundFiles */,
				24070B9A205F9DC200462C26 /* Main.storyboard */,
				24070B9D205F9DC200462C26 /* Assets.xcassets */,
				24070B9F205F9DC200462C26 /* LaunchScreen.storyboard */,
				24070BA2205F9DC200462C26 /* Info.plist */,
			);
			path = ARTargeting;
			sourceTree = "<group>";
		};
		2452D9FF206C89A900E6594E /* SoundFiles */ = {
			isa = PBXGroup;
			children = (
				2452D9F7206C86C400E6594E /* appear.wav */,
				2452D9F9206C86C400E6594E /* hit.wav */,
				2452D9F8206C86C400E6594E /* shoot.wav */,
				2452D9FA206C86C400E6594E /* success.wav */,
			);
			path = SoundFiles;
			sourceTree = "<group>";
		};
		245C4DFC2062B41500865440 /* Node */ = {
			isa = PBXGroup;
			children = (
				2452D9F1206C85F300E6594E /* AddScoreNode.swift */,
				2452D9F2206C85F300E6594E /* ExplosionNode.swift */,
				24070BB0205FACAB00462C26 /* TargetNode.swift */,
				2452DA00206C8C0100E6594E /* ScoreNode.swift */,
			);
			path = Node;
			sourceTree = "<group>";
		};
		24ED94E7206245BE00E716F8 /* Extensions */ = {
			isa = PBXGroup;
			children = (
				24070BAC205FA6E400462C26 /* FloatExtension.swift */,
				24070BB4205FD30300462C26 /* UIColorExtension.swift */,
				24070BAA205FA6BE00462C26 /* SCNVector3Extension.swift */,
				2452D9F5206C868B00E6594E /* UIViewControllerExtension.swift */,
				248B3AB42063F44300B570B2 /* SCNNodeExtension.swift */,
				24D7FD6B206D14FE0083133F /* SCNGeometryExtension.swift */,
			);
			path = Extensions;
			sourceTree = "<group>";
		};
/* End PBXGroup section */

/* Begin PBXNativeTarget section */
		24070B90205F9DC200462C26 /* ARTargeting */ = {
			isa = PBXNativeTarget;
			buildConfigurationList = 24070BA5205F9DC200462C26 /* Build configuration list for PBXNativeTarget "ARTargeting" */;
			buildPhases = (
				24070B8D205F9DC200462C26 /* Sources */,
				24070B8E205F9DC200462C26 /* Frameworks */,
				24070B8F205F9DC200462C26 /* Resources */,
			);
			buildRules = (
			);
			dependencies = (
			);
			name = ARTargeting;
			productName = ARTargeting;
			productReference = 24070B91205F9DC200462C26 /* ARTargeting.app */;
			productType = "com.apple.product-type.application";
		};
/* End PBXNativeTarget section */

/* Begin PBXProject section */
		24070B89205F9DC200462C26 /* Project object */ = {
			isa = PBXProject;
			attributes = {
				LastSwiftUpdateCheck = 0920;
				LastUpgradeCheck = 0930;
				ORGANIZATIONNAME = "宋 奎熹";
				TargetAttributes = {
					24070B90205F9DC200462C26 = {
						CreatedOnToolsVersion = 9.2;
						ProvisioningStyle = Automatic;
					};
				};
			};
			buildConfigurationList = 24070B8C205F9DC200462C26 /* Build configuration list for PBXProject "ARTargeting" */;
			compatibilityVersion = "Xcode 8.0";
			developmentRegion = en;
			hasScannedForEncodings = 0;
			knownRegions = (
				en,
				Base,
			);
			mainGroup = 24070B88205F9DC200462C26;
			productRefGroup = 24070B92205F9DC200462C26 /* Products */;
			projectDirPath = "";
			projectRoot = "";
			targets = (
				24070B90205F9DC200462C26 /* ARTargeting */,
			);
		};
/* End PBXProject section */

/* Begin PBXResourcesBuildPhase section */
		24070B8F205F9DC200462C26 /* Resources */ = {
			isa = PBXResourcesBuildPhase;
			buildActionMask = 2147483647;
			files = (
				2452D9FE206C86C400E6594E /* success.wav in Resources */,
				2452D9FB206C86C400E6594E /* appear.wav in Resources */,
				24070B97205F9DC200462C26 /* art.scnassets in Resources */,
				2452D9FC206C86C400E6594E /* shoot.wav in Resources */,
				24070BA1205F9DC200462C26 /* LaunchScreen.storyboard in Resources */,
				24070B9E205F9DC200462C26 /* Assets.xcassets in Resources */,
				24070B9C205F9DC200462C26 /* Main.storyboard in Resources */,
				2452D9FD206C86C400E6594E /* hit.wav in Resources */,
			);
			runOnlyForDeploymentPostprocessing = 0;
		};
/* End PBXResourcesBuildPhase section */

/* Begin PBXSourcesBuildPhase section */
		24070B8D205F9DC200462C26 /* Sources */ = {
			isa = PBXSourcesBuildPhase;
			buildActionMask = 2147483647;
			files = (
				24070BA9205F9E6000462C26 /* FrontSightView.swift in Sources */,
				248B3AB32063F3A000B570B2 /* SoundHelper.swift in Sources */,
				24D7FD6C206D14FE0083133F /* SCNGeometryExtension.swift in Sources */,
				248B3AB52063F44300B570B2 /* SCNNodeExtension.swift in Sources */,
				2452D9F3206C85F300E6594E /* AddScoreNode.swift in Sources */,
				24070B99205F9DC200462C26 /* ViewController.swift in Sources */,
				24070BB5205FD30300462C26 /* UIColorExtension.swift in Sources */,
				2452DA01206C8C0100E6594E /* ScoreNode.swift in Sources */,
				24070B95205F9DC200462C26 /* AppDelegate.swift in Sources */,
				24070BAD205FA6E500462C26 /* FloatExtension.swift in Sources */,
				24070BB1205FACAB00462C26 /* TargetNode.swift in Sources */,
				24584BB020635A4E0017E518 /* Utilities.swift in Sources */,
				24070BAB205FA6BE00462C26 /* SCNVector3Extension.swift in Sources */,
				2452D9F6206C868B00E6594E /* UIViewControllerExtension.swift in Sources */,
				2452D9F4206C85F300E6594E /* ExplosionNode.swift in Sources */,
			);
			runOnlyForDeploymentPostprocessing = 0;
		};
/* End PBXSourcesBuildPhase section */

/* Begin PBXVariantGroup section */
		24070B9A205F9DC200462C26 /* Main.storyboard */ = {
			isa = PBXVariantGroup;
			children = (
				24070B9B205F9DC200462C26 /* Base */,
			);
			name = Main.storyboard;
			sourceTree = "<group>";
		};
		24070B9F205F9DC200462C26 /* LaunchScreen.storyboard */ = {
			isa = PBXVariantGroup;
			children = (
				24070BA0205F9DC200462C26 /* Base */,
			);
			name = LaunchScreen.storyboard;
			sourceTree = "<group>";
		};
/* End PBXVariantGroup section */

/* Begin XCBuildConfiguration section */
		24070BA3205F9DC200462C26 /* Debug */ = {
			isa = XCBuildConfiguration;
			buildSettings = {
				ALWAYS_SEARCH_USER_PATHS = NO;
				CLANG_ANALYZER_NONNULL = YES;
				CLANG_ANALYZER_NUMBER_OBJECT_CONVERSION = YES_AGGRESSIVE;
				CLANG_CXX_LANGUAGE_STANDARD = "gnu++14";
				CLANG_CXX_LIBRARY = "libc++";
				CLANG_ENABLE_MODULES = YES;
				CLANG_ENABLE_OBJC_ARC = YES;
				CLANG_WARN_BLOCK_CAPTURE_AUTORELEASING = YES;
				CLANG_WARN_BOOL_CONVERSION = YES;
				CLANG_WARN_COMMA = YES;
				CLANG_WARN_CONSTANT_CONVERSION = YES;
				CLANG_WARN_DEPRECATED_OBJC_IMPLEMENTATIONS = YES;
				CLANG_WARN_DIRECT_OBJC_ISA_USAGE = YES_ERROR;
				CLANG_WARN_DOCUMENTATION_COMMENTS = YES;
				CLANG_WARN_EMPTY_BODY = YES;
				CLANG_WARN_ENUM_CONVERSION = YES;
				CLANG_WARN_INFINITE_RECURSION = YES;
				CLANG_WARN_INT_CONVERSION = YES;
				CLANG_WARN_NON_LITERAL_NULL_CONVERSION = YES;
				CLANG_WARN_OBJC_IMPLICIT_RETAIN_SELF = YES;
				CLANG_WARN_OBJC_LITERAL_CONVERSION = YES;
				CLANG_WARN_OBJC_ROOT_CLASS = YES_ERROR;
				CLANG_WARN_RANGE_LOOP_ANALYSIS = YES;
				CLANG_WARN_STRICT_PROTOTYPES = YES;
				CLANG_WARN_SUSPICIOUS_MOVE = YES;
				CLANG_WARN_UNGUARDED_AVAILABILITY = YES_AGGRESSIVE;
				CLANG_WARN_UNREACHABLE_CODE = YES;
				CLANG_WARN__DUPLICATE_METHOD_MATCH = YES;
				CODE_SIGN_IDENTITY = "iPhone Developer";
				COPY_PHASE_STRIP = NO;
				DEBUG_INFORMATION_FORMAT = dwarf;
				ENABLE_STRICT_OBJC_MSGSEND = YES;
				ENABLE_TESTABILITY = YES;
				GCC_C_LANGUAGE_STANDARD = gnu11;
				GCC_DYNAMIC_NO_PIC = NO;
				GCC_NO_COMMON_BLOCKS = YES;
				GCC_OPTIMIZATION_LEVEL = 0;
				GCC_PREPROCESSOR_DEFINITIONS = (
					"DEBUG=1",
					"$(inherited)",
				);
				GCC_WARN_64_TO_32_BIT_CONVERSION = YES;
				GCC_WARN_ABOUT_RETURN_TYPE = YES_ERROR;
				GCC_WARN_UNDECLARED_SELECTOR = YES;
				GCC_WARN_UNINITIALIZED_AUTOS = YES_AGGRESSIVE;
				GCC_WARN_UNUSED_FUNCTION = YES;
				GCC_WARN_UNUSED_VARIABLE = YES;
				IPHONEOS_DEPLOYMENT_TARGET = 11.3;
				MTL_ENABLE_DEBUG_INFO = YES;
				ONLY_ACTIVE_ARCH = YES;
				SDKROOT = iphoneos;
				SWIFT_ACTIVE_COMPILATION_CONDITIONS = DEBUG;
				SWIFT_OPTIMIZATION_LEVEL = "-Onone";
			};
			name = Debug;
		};
		24070BA4205F9DC200462C26 /* Release */ = {
			isa = XCBuildConfiguration;
			buildSettings = {
				ALWAYS_SEARCH_USER_PATHS = NO;
				CLANG_ANALYZER_NONNULL = YES;
				CLANG_ANALYZER_NUMBER_OBJECT_CONVERSION = YES_AGGRESSIVE;
				CLANG_CXX_LANGUAGE_STANDARD = "gnu++14";
				CLANG_CXX_LIBRARY = "libc++";
				CLANG_ENABLE_MODULES = YES;
				CLANG_ENABLE_OBJC_ARC = YES;
				CLANG_WARN_BLOCK_CAPTURE_AUTORELEASING = YES;
				CLANG_WARN_BOOL_CONVERSION = YES;
				CLANG_WARN_COMMA = YES;
				CLANG_WARN_CONSTANT_CONVERSION = YES;
				CLANG_WARN_DEPRECATED_OBJC_IMPLEMENTATIONS = YES;
				CLANG_WARN_DIRECT_OBJC_ISA_USAGE = YES_ERROR;
				CLANG_WARN_DOCUMENTATION_COMMENTS = YES;
				CLANG_WARN_EMPTY_BODY = YES;
				CLANG_WARN_ENUM_CONVERSION = YES;
				CLANG_WARN_INFINITE_RECURSION = YES;
				CLANG_WARN_INT_CONVERSION = YES;
				CLANG_WARN_NON_LITERAL_NULL_CONVERSION = YES;
				CLANG_WARN_OBJC_IMPLICIT_RETAIN_SELF = YES;
				CLANG_WARN_OBJC_LITERAL_CONVERSION = YES;
				CLANG_WARN_OBJC_ROOT_CLASS = YES_ERROR;
				CLANG_WARN_RANGE_LOOP_ANALYSIS = YES;
				CLANG_WARN_STRICT_PROTOTYPES = YES;
				CLANG_WARN_SUSPICIOUS_MOVE = YES;
				CLANG_WARN_UNGUARDED_AVAILABILITY = YES_AGGRESSIVE;
				CLANG_WARN_UNREACHABLE_CODE = YES;
				CLANG_WARN__DUPLICATE_METHOD_MATCH = YES;
				CODE_SIGN_IDENTITY = "iPhone Developer";
				COPY_PHASE_STRIP = NO;
				DEBUG_INFORMATION_FORMAT = "dwarf-with-dsym";
				ENABLE_NS_ASSERTIONS = NO;
				ENABLE_STRICT_OBJC_MSGSEND = YES;
				GCC_C_LANGUAGE_STANDARD = gnu11;
				GCC_NO_COMMON_BLOCKS = YES;
				GCC_WARN_64_TO_32_BIT_CONVERSION = YES;
				GCC_WARN_ABOUT_RETURN_TYPE = YES_ERROR;
				GCC_WARN_UNDECLARED_SELECTOR = YES;
				GCC_WARN_UNINITIALIZED_AUTOS = YES_AGGRESSIVE;
				GCC_WARN_UNUSED_FUNCTION = YES;
				GCC_WARN_UNUSED_VARIABLE = YES;
				IPHONEOS_DEPLOYMENT_TARGET = 11.3;
				MTL_ENABLE_DEBUG_INFO = NO;
				SDKROOT = iphoneos;
				SWIFT_OPTIMIZATION_LEVEL = "-Owholemodule";
				VALIDATE_PRODUCT = YES;
			};
			name = Release;
		};
		24070BA6205F9DC200462C26 /* Debug */ = {
			isa = XCBuildConfiguration;
			buildSettings = {
				ASSETCATALOG_COMPILER_APPICON_NAME = AppIcon;
				CODE_SIGN_STYLE = Automatic;
				DEVELOPMENT_TEAM = VEBQ28K9EA;
				INFOPLIST_FILE = ARTargeting/Info.plist;
				LD_RUNPATH_SEARCH_PATHS = "$(inherited) @executable_path/Frameworks";
				PRODUCT_BUNDLE_IDENTIFIER = com.krayc.ARTargeting;
				PRODUCT_NAME = "$(TARGET_NAME)";
				SWIFT_VERSION = 4.0;
				TARGETED_DEVICE_FAMILY = "1,2";
			};
			name = Debug;
		};
		24070BA7205F9DC200462C26 /* Release */ = {
			isa = XCBuildConfiguration;
			buildSettings = {
				ASSETCATALOG_COMPILER_APPICON_NAME = AppIcon;
				CODE_SIGN_STYLE = Automatic;
				DEVELOPMENT_TEAM = VEBQ28K9EA;
				INFOPLIST_FILE = ARTargeting/Info.plist;
				LD_RUNPATH_SEARCH_PATHS = "$(inherited) @executable_path/Frameworks";
				PRODUCT_BUNDLE_IDENTIFIER = com.krayc.ARTargeting;
				PRODUCT_NAME = "$(TARGET_NAME)";
				SWIFT_VERSION = 4.0;
				TARGETED_DEVICE_FAMILY = "1,2";
			};
			name = Release;
		};
/* End XCBuildConfiguration section */

/* Begin XCConfigurationList section */
		24070B8C205F9DC200462C26 /* Build configuration list for PBXProject "ARTargeting" */ = {
			isa = XCConfigurationList;
			buildConfigurations = (
				24070BA3205F9DC200462C26 /* Debug */,
				24070BA4205F9DC200462C26 /* Release */,
			);
			defaultConfigurationIsVisible = 0;
			defaultConfigurationName = Release;
		};
		24070BA5205F9DC200462C26 /* Build configuration list for PBXNativeTarget "ARTargeting" */ = {
			isa = XCConfigurationList;
			buildConfigurations = (
				24070BA6205F9DC200462C26 /* Debug */,
				24070BA7205F9DC200462C26 /* Release */,
			);
			defaultConfigurationIsVisible = 0;
			defaultConfigurationName = Release;
		};
/* End XCConfigurationList section */
	};
	rootObject = 24070B89205F9DC200462C26 /* Project object */;
}
